
Microsoft Visual Studio Solution File, Format Version 12.00
# Visual Studio Version 17
VisualStudioVersion = 17.1.32421.90
MinimumVisualStudioVersion = 10.0.40219.1
Project("{FAE04EC0-301F-11D3-BF4B-00C04F79EFBC}") = "Exam.7", "Exam.7\Exam.7.csproj", "{5AF170D1-0A8C-4B56-BB59-682D4E4BD35D}"
EndProject
Global
	GlobalSection(SolutionConfigurationPlatforms) = preSolution
		Debug|Any CPU = Debug|Any CPU
		Release|Any CPU = Release|Any CPU
	EndGlobalSection
	GlobalSection(ProjectConfigurationPlatforms) = postSolution
		{5AF170D1-0A8C-4B56-BB59-682D4E4BD35D}.Debug|Any CPU.ActiveCfg = Debug|Any CPU
		{5AF170D1-0A8C-4B56-BB59-682D4E4BD35D}.Debug|Any CPU.Build.0 = Debug|Any CPU
		{5AF170D1-0A8C-4B56-BB59-682D4E4BD35D}.Release|Any CPU.ActiveCfg = Release|Any CPU
		{5AF170D1-0A8C-4B56-BB59-682D4E4BD35D}.Release|Any CPU.Build.0 = Release|Any CPU
	EndGlobalSection
	GlobalSection(SolutionProperties) = preSolution
		HideSolutionNode = FALSE
	EndGlobalSection
	GlobalSection(ExtensibilityGlobals) = postSolution
		SolutionGuid = {9DCF1A90-5978-4F33-B001-7B309E0EC6DE}
	EndGlobalSection
EndGlobal
